
Microsoft Visual Studio Solution File, Format Version 12.00
# Visual Studio 15
VisualStudioVersion = 15.0.25807.0
MinimumVisualStudioVersion = 10.0.40219.1
Project("{2150E333-8FDC-42A3-9474-1A3956D46DE8}") = "Engine", "Engine", "{A4713CC2-2A0E-4757-8226-141DCA69795E}"
EndProject
Project("{2150E333-8FDC-42A3-9474-1A3956D46DE8}") = "Games", "Games", "{59E1CC50-4A18-44AB-8C51-9AA5D33A9430}"
EndProject
Project("{8BC9CEB8-8B4A-11D0-8D11-00A0C91BC942}") = "UE4", "Intermediate\ProjectFiles\UE4.vcxproj", "{D2E28B7D-F70D-486B-9D11-D96C0656EDBD}"
EndProject
Project("{8BC9CEB8-8B4A-11D0-8D11-00A0C91BC942}") = "GGJ2020", "Intermediate\ProjectFiles\GGJ2020.vcxproj", "{1716CB55-4F17-4E7E-B03C-4632BEEF06F7}"
EndProject
Project("{2150E333-8FDC-42A3-9474-1A3956D46DE8}") = "Visualizers", "Visualizers", "{71BA2A82-C24B-4FF1-9E20-9F4C68020534}"
	ProjectSection(SolutionItems) = preProject
		C:\Program Files\Epic Games\UE_4.23\Engine\Extras\VisualStudioDebugging\UE4.natvis = C:\Program Files\Epic Games\UE_4.23\Engine\Extras\VisualStudioDebugging\UE4.natvis
	EndProjectSection
EndProject
Global
	GlobalSection(SolutionConfigurationPlatforms) = preSolution
		DebugGame Editor|HTML5 = DebugGame Editor|HTML5
		DebugGame Editor|IOS = DebugGame Editor|IOS
		DebugGame Editor|Win32 = DebugGame Editor|Win32
		DebugGame Editor|Win64 = DebugGame Editor|Win64
		DebugGame|HTML5 = DebugGame|HTML5
		DebugGame|IOS = DebugGame|IOS
		DebugGame|Win32 = DebugGame|Win32
		DebugGame|Win64 = DebugGame|Win64
		Development Editor|HTML5 = Development Editor|HTML5
		Development Editor|IOS = Development Editor|IOS
		Development Editor|Win32 = Development Editor|Win32
		Development Editor|Win64 = Development Editor|Win64
		Development|HTML5 = Development|HTML5
		Development|IOS = Development|IOS
		Development|Win32 = Development|Win32
		Development|Win64 = Development|Win64
		Shipping|HTML5 = Shipping|HTML5
		Shipping|IOS = Shipping|IOS
		Shipping|Win32 = Shipping|Win32
		Shipping|Win64 = Shipping|Win64
	EndGlobalSection
	GlobalSection(ProjectConfigurationPlatforms) = postSolution
		{D2E28B7D-F70D-486B-9D11-D96C0656EDBD}.DebugGame Editor|HTML5.ActiveCfg = BuiltWithUnrealBuildTool|Win32
		{D2E28B7D-F70D-486B-9D11-D96C0656EDBD}.DebugGame Editor|IOS.ActiveCfg = BuiltWithUnrealBuildTool|Win32
		{D2E28B7D-F70D-486B-9D11-D96C0656EDBD}.DebugGame Editor|Win32.ActiveCfg = BuiltWithUnrealBuildTool|Win32
		{D2E28B7D-F70D-486B-9D11-D96C0656EDBD}.DebugGame Editor|Win64.ActiveCfg = BuiltWithUnrealBuildTool|Win32
		{D2E28B7D-F70D-486B-9D11-D96C0656EDBD}.DebugGame|HTML5.ActiveCfg = BuiltWithUnrealBuildTool|Win32
		{D2E28B7D-F70D-486B-9D11-D96C0656EDBD}.DebugGame|IOS.ActiveCfg = BuiltWithUnrealBuildTool|Win32
		{D2E28B7D-F70D-486B-9D11-D96C0656EDBD}.DebugGame|Win32.ActiveCfg = BuiltWithUnrealBuildTool|Win32
		{D2E28B7D-F70D-486B-9D11-D96C0656EDBD}.DebugGame|Win64.ActiveCfg = BuiltWithUnrealBuildTool|Win32
		{D2E28B7D-F70D-486B-9D11-D96C0656EDBD}.Development Editor|HTML5.ActiveCfg = BuiltWithUnrealBuildTool|Win32
		{D2E28B7D-F70D-486B-9D11-D96C0656EDBD}.Development Editor|IOS.ActiveCfg = BuiltWithUnrealBuildTool|Win32
		{D2E28B7D-F70D-486B-9D11-D96C0656EDBD}.Development Editor|Win32.ActiveCfg = BuiltWithUnrealBuildTool|Win32
		{D2E28B7D-F70D-486B-9D11-D96C0656EDBD}.Development Editor|Win64.ActiveCfg = BuiltWithUnrealBuildTool|Win32
		{D2E28B7D-F70D-486B-9D11-D96C0656EDBD}.Development|HTML5.ActiveCfg = BuiltWithUnrealBuildTool|Win32
		{D2E28B7D-F70D-486B-9D11-D96C0656EDBD}.Development|IOS.ActiveCfg = BuiltWithUnrealBuildTool|Win32
		{D2E28B7D-F70D-486B-9D11-D96C0656EDBD}.Development|Win32.ActiveCfg = BuiltWithUnrealBuildTool|Win32
		{D2E28B7D-F70D-486B-9D11-D96C0656EDBD}.Development|Win64.ActiveCfg = BuiltWithUnrealBuildTool|Win32
		{D2E28B7D-F70D-486B-9D11-D96C0656EDBD}.Shipping|HTML5.ActiveCfg = BuiltWithUnrealBuildTool|Win32
		{D2E28B7D-F70D-486B-9D11-D96C0656EDBD}.Shipping|IOS.ActiveCfg = BuiltWithUnrealBuildTool|Win32
		{D2E28B7D-F70D-486B-9D11-D96C0656EDBD}.Shipping|Win32.ActiveCfg = BuiltWithUnrealBuildTool|Win32
		{D2E28B7D-F70D-486B-9D11-D96C0656EDBD}.Shipping|Win64.ActiveCfg = BuiltWithUnrealBuildTool|Win32
		{1716CB55-4F17-4E7E-B03C-4632BEEF06F7}.DebugGame Editor|HTML5.ActiveCfg = Invalid|Win32
		{1716CB55-4F17-4E7E-B03C-4632BEEF06F7}.DebugGame Editor|IOS.ActiveCfg = Invalid|Win32
		{1716CB55-4F17-4E7E-B03C-4632BEEF06F7}.DebugGame Editor|Win32.ActiveCfg = Invalid|Win32
		{1716CB55-4F17-4E7E-B03C-4632BEEF06F7}.DebugGame Editor|Win64.ActiveCfg = DebugGame_Editor|x64
		{1716CB55-4F17-4E7E-B03C-4632BEEF06F7}.DebugGame Editor|Win64.Build.0 = DebugGame_Editor|x64
		{1716CB55-4F17-4E7E-B03C-4632BEEF06F7}.DebugGame|HTML5.ActiveCfg = HTML5_DebugGame|Win32
		{1716CB55-4F17-4E7E-B03C-4632BEEF06F7}.DebugGame|HTML5.Build.0 = HTML5_DebugGame|Win32
		{1716CB55-4F17-4E7E-B03C-4632BEEF06F7}.DebugGame|IOS.ActiveCfg = IOS_DebugGame|Win32
		{1716CB55-4F17-4E7E-B03C-4632BEEF06F7}.DebugGame|IOS.Build.0 = IOS_DebugGame|Win32
		{1716CB55-4F17-4E7E-B03C-4632BEEF06F7}.DebugGame|Win32.ActiveCfg = DebugGame|Win32
		{1716CB55-4F17-4E7E-B03C-4632BEEF06F7}.DebugGame|Win32.Build.0 = DebugGame|Win32
		{1716CB55-4F17-4E7E-B03C-4632BEEF06F7}.DebugGame|Win64.ActiveCfg = DebugGame|x64
		{1716CB55-4F17-4E7E-B03C-4632BEEF06F7}.DebugGame|Win64.Build.0 = DebugGame|x64
		{1716CB55-4F17-4E7E-B03C-4632BEEF06F7}.Development Editor|HTML5.ActiveCfg = Invalid|Win32
		{1716CB55-4F17-4E7E-B03C-4632BEEF06F7}.Development Editor|IOS.ActiveCfg = Invalid|Win32
		{1716CB55-4F17-4E7E-B03C-4632BEEF06F7}.Development Editor|Win32.ActiveCfg = Invalid|Win32
		{1716CB55-4F17-4E7E-B03C-4632BEEF06F7}.Development Editor|Win64.ActiveCfg = Development_Editor|x64
		{1716CB55-4F17-4E7E-B03C-4632BEEF06F7}.Development Editor|Win64.Build.0 = Development_Editor|x64
		{1716CB55-4F17-4E7E-B03C-4632BEEF06F7}.Development|HTML5.ActiveCfg = HTML5_Development|Win32
		{1716CB55-4F17-4E7E-B03C-4632BEEF06F7}.Development|HTML5.Build.0 = HTML5_Development|Win32
		{1716CB55-4F17-4E7E-B03C-4632BEEF06F7}.Development|IOS.ActiveCfg = IOS_Development|Win32
		{1716CB55-4F17-4E7E-B03C-4632BEEF06F7}.Development|IOS.Build.0 = IOS_Development|Win32
		{1716CB55-4F17-4E7E-B03C-4632BEEF06F7}.Development|Win32.ActiveCfg = Development|Win32
		{1716CB55-4F17-4E7E-B03C-4632BEEF06F7}.Development|Win32.Build.0 = Development|Win32
		{1716CB55-4F17-4E7E-B03C-4632BEEF06F7}.Development|Win64.ActiveCfg = Development|x64
		{1716CB55-4F17-4E7E-B03C-4632BEEF06F7}.Development|Win64.Build.0 = Development|x64
		{1716CB55-4F17-4E7E-B03C-4632BEEF06F7}.Shipping|HTML5.ActiveCfg = HTML5_Shipping|Win32
		{1716CB55-4F17-4E7E-B03C-4632BEEF06F7}.Shipping|HTML5.Build.0 = HTML5_Shipping|Win32
		{1716CB55-4F17-4E7E-B03C-4632BEEF06F7}.Shipping|IOS.ActiveCfg = IOS_Shipping|Win32
		{1716CB55-4F17-4E7E-B03C-4632BEEF06F7}.Shipping|IOS.Build.0 = IOS_Shipping|Win32
		{1716CB55-4F17-4E7E-B03C-4632BEEF06F7}.Shipping|Win32.ActiveCfg = Shipping|Win32
		{1716CB55-4F17-4E7E-B03C-4632BEEF06F7}.Shipping|Win32.Build.0 = Shipping|Win32
		{1716CB55-4F17-4E7E-B03C-4632BEEF06F7}.Shipping|Win64.ActiveCfg = Shipping|x64
		{1716CB55-4F17-4E7E-B03C-4632BEEF06F7}.Shipping|Win64.Build.0 = Shipping|x64
	EndGlobalSection
	GlobalSection(SolutionProperties) = preSolution
		HideSolutionNode = FALSE
	EndGlobalSection
	GlobalSection(NestedProjects) = preSolution
		{D2E28B7D-F70D-486B-9D11-D96C0656EDBD} = {A4713CC2-2A0E-4757-8226-141DCA69795E}
		{1716CB55-4F17-4E7E-B03C-4632BEEF06F7} = {59E1CC50-4A18-44AB-8C51-9AA5D33A9430}
	EndGlobalSection
EndGlobal
